
Microsoft Visual Studio Solution File, Format Version 12.00
# Visual Studio Version 16
VisualStudioVersion = 16.0.32901.82
MinimumVisualStudioVersion = 10.0.40219.1
Project("{C9674DCB-5085-4A16-B785-4C70DD1589BD}") = "Sales Product Analysis", "Sales Product Analysis.dtproj", "{A297173D-4528-4032-BB44-DCFB51DCFA4F}"
EndProject
Global
	GlobalSection(SolutionConfigurationPlatforms) = preSolution
		Development|Default = Development|Default
	EndGlobalSection
	GlobalSection(ProjectConfigurationPlatforms) = postSolution
		{A297173D-4528-4032-BB44-DCFB51DCFA4F}.Development|Default.ActiveCfg = Development
		{A297173D-4528-4032-BB44-DCFB51DCFA4F}.Development|Default.Build.0 = Development
	EndGlobalSection
	GlobalSection(SolutionProperties) = preSolution
		HideSolutionNode = FALSE
	EndGlobalSection
	GlobalSection(ExtensibilityGlobals) = postSolution
		SolutionGuid = {CBA6D63B-1DF7-4919-BEF8-286F5034AC6F}
	EndGlobalSection
EndGlobal
